// !$*UTF8*$!
{
	archiveVersion = 1;
	classes = {
	};
	objectVersion = 50;
	objects = {

/* Begin PBXBuildFile section */
		FADE913D23E20B9B00F62807 /* AppDelegate.swift in Sources */ = {isa = PBXBuildFile; fileRef = FADE913C23E20B9B00F62807 /* AppDelegate.swift */; };
		FADE913F23E20B9B00F62807 /* SceneDelegate.swift in Sources */ = {isa = PBXBuildFile; fileRef = FADE913E23E20B9B00F62807 /* SceneDelegate.swift */; };
		FADE914123E20B9B00F62807 /* ViewController.swift in Sources */ = {isa = PBXBuildFile; fileRef = FADE914023E20B9B00F62807 /* ViewController.swift */; };
		FADE914423E20B9B00F62807 /* Main.storyboard in Resources */ = {isa = PBXBuildFile; fileRef = FADE914223E20B9B00F62807 /* Main.storyboard */; };
		FADE914623E20B9E00F62807 /* Assets.xcassets in Resources */ = {isa = PBXBuildFile; fileRef = FADE914523E20B9E00F62807 /* Assets.xcassets */; };
		FADE914923E20B9E00F62807 /* LaunchScreen.storyboard in Resources */ = {isa = PBXBuildFile; fileRef = FADE914723E20B9E00F62807 /* LaunchScreen.storyboard */; };
/* End PBXBuildFile section */

/* Begin PBXFileReference section */
		FADE913923E20B9B00F62807 /* HomeWork 2.1.1.app */ = {isa = PBXFileReference; explicitFileType = wrapper.application; includeInIndex = 0; path = "HomeWork 2.1.1.app"; sourceTree = BUILT_PRODUCTS_DIR; };
		FADE913C23E20B9B00F62807 /* AppDelegate.swift */ = {isa = PBXFileReference; lastKnownFileType = sourcecode.swift; path = AppDelegate.swift; sourceTree = "<group>"; };
		FADE913E23E20B9B00F62807 /* SceneDelegate.swift */ = {isa = PBXFileReference; lastKnownFileType = sourcecode.swift; path = SceneDelegate.swift; sourceTree = "<group>"; };
		FADE914023E20B9B00F62807 /* ViewController.swift */ = {isa = PBXFileReference; lastKnownFileType = sourcecode.swift; path = ViewController.swift; sourceTree = "<group>"; };
		FADE914323E20B9B00F62807 /* Base */ = {isa = PBXFileReference; lastKnownFileType = file.storyboard; name = Base; path = Base.lproj/Main.storyboard; sourceTree = "<group>"; };
		FADE914523E20B9E00F62807 /* Assets.xcassets */ = {isa = PBXFileReference; lastKnownFileType = folder.assetcatalog; path = Assets.xcassets; sourceTree = "<group>"; };
		FADE914823E20B9E00F62807 /* Base */ = {isa = PBXFileReference; lastKnownFileType = file.storyboard; name = Base; path = Base.lproj/LaunchScreen.storyboard; sourceTree = "<group>"; };
		FADE914A23E20B9E00F62807 /* Info.plist */ = {isa = PBXFileReference; lastKnownFileType = text.plist.xml; path = Info.plist; sourceTree = "<group>"; };
/* End PBXFileReference section */

/* Begin PBXFrameworksBuildPhase section */
		FADE913623E20B9B00F62807 /* Frameworks */ = {
			isa = PBXFrameworksBuildPhase;
			buildActionMask = 2147483647;
			files = (
			);
			runOnlyForDeploymentPostprocessing = 0;
		};
/* End PBXFrameworksBuildPhase section */

/* Begin PBXGroup section */
		FADE913023E20B9B00F62807 = {
			isa = PBXGroup;
			children = (
				FADE913B23E20B9B00F62807 /* HomeWork 2.1.1 */,
				FADE913A23E20B9B00F62807 /* Products */,
			);
			sourceTree = "<group>";
		};
		FADE913A23E20B9B00F62807 /* Products */ = {
			isa = PBXGroup;
			children = (
				FADE913923E20B9B00F62807 /* HomeWork 2.1.1.app */,
			);
			name = Products;
			sourceTree = "<group>";
		};
		FADE913B23E20B9B00F62807 /* HomeWork 2.1.1 */ = {
			isa = PBXGroup;
			children = (
				FADE913C23E20B9B00F62807 /* AppDelegate.swift */,
				FADE913E23E20B9B00F62807 /* SceneDelegate.swift */,
				FADE914023E20B9B00F62807 /* ViewController.swift */,
				FADE914223E20B9B00F62807 /* Main.storyboard */,
				FADE914523E20B9E00F62807 /* Assets.xcassets */,
				FADE914723E20B9E00F62807 /* LaunchScreen.storyboard */,
				FADE914A23E20B9E00F62807 /* Info.plist */,
			);
			path = "HomeWork 2.1.1";
			sourceTree = "<group>";
		};
/* End PBXGroup section */

/* Begin PBXNativeTarget section */
		FADE913823E20B9B00F62807 /* HomeWork 2.1.1 */ = {
			isa = PBXNativeTarget;
			buildConfigurationList = FADE914D23E20B9E00F62807 /* Build configuration list for PBXNativeTarget "HomeWork 2.1.1" */;
			buildPhases = (
				FADE913523E20B9B00F62807 /* Sources */,
				FADE913623E20B9B00F62807 /* Frameworks */,
				FADE913723E20B9B00F62807 /* Resources */,
			);
			buildRules = (
			);
			dependencies = (
			);
			name = "HomeWork 2.1.1";
			productName = "HomeWork 2.1.1";
			productReference = FADE913923E20B9B00F62807 /* HomeWork 2.1.1.app */;
			productType = "com.apple.product-type.application";
		};
/* End PBXNativeTarget section */

/* Begin PBXProject section */
		FADE913123E20B9B00F62807 /* Project object */ = {
			isa = PBXProject;
			attributes = {
				LastSwiftUpdateCheck = 1130;
				LastUpgradeCheck = 1130;
				ORGANIZATIONNAME = "Alex Dev";
				TargetAttributes = {
					FADE913823E20B9B00F62807 = {
						CreatedOnToolsVersion = 11.3;
					};
				};
			};
			buildConfigurationList = FADE913423E20B9B00F62807 /* Build configuration list for PBXProject "HomeWork 2.1.1" */;
			compatibilityVersion = "Xcode 9.3";
			developmentRegion = en;
			hasScannedForEncodings = 0;
			knownRegions = (
				en,
				Base,
			);
			mainGroup = FADE913023E20B9B00F62807;
			productRefGroup = FADE913A23E20B9B00F62807 /* Products */;
			projectDirPath = "";
			projectRoot = "";
			targets = (
				FADE913823E20B9B00F62807 /* HomeWork 2.1.1 */,
			);
		};
/* End PBXProject section */

/* Begin PBXResourcesBuildPhase section */
		FADE913723E20B9B00F62807 /* Resources */ = {
			isa = PBXResourcesBuildPhase;
			buildActionMask = 2147483647;
			files = (
				FADE914923E20B9E00F62807 /* LaunchScreen.storyboard in Resources */,
				FADE914623E20B9E00F62807 /* Assets.xcassets in Resources */,
				FADE914423E20B9B00F62807 /* Main.storyboard in Resources */,
			);
			runOnlyForDeploymentPostprocessing = 0;
		};
/* End PBXResourcesBuildPhase section */

/* Begin PBXSourcesBuildPhase section */
		FADE913523E20B9B00F62807 /* Sources */ = {
			isa = PBXSourcesBuildPhase;
			buildActionMask = 2147483647;
			files = (
				FADE914123E20B9B00F62807 /* ViewController.swift in Sources */,
				FADE913D23E20B9B00F62807 /* AppDelegate.swift in Sources */,
				FADE913F23E20B9B00F62807 /* SceneDelegate.swift in Sources */,
			);
			runOnlyForDeploymentPostprocessing = 0;
		};
/* End PBXSourcesBuildPhase section */

/* Begin PBXVariantGroup section */
		FADE914223E20B9B00F62807 /* Main.storyboard */ = {
			isa = PBXVariantGroup;
			children = (
				FADE914323E20B9B00F62807 /* Base */,
			);
			name = Main.storyboard;
			sourceTree = "<group>";
		};
		FADE914723E20B9E00F62807 /* LaunchScreen.storyboard */ = {
			isa = PBXVariantGroup;
			children = (
				FADE914823E20B9E00F62807 /* Base */,
			);
			name = LaunchScreen.storyboard;
			sourceTree = "<group>";
		};
/* End PBXVariantGroup section */

/* Begin XCBuildConfiguration section */
		FADE914B23E20B9E00F62807 /* Debug */ = {
			isa = XCBuildConfiguration;
			buildSettings = {
				ALWAYS_SEARCH_USER_PATHS = NO;
				CLANG_ANALYZER_NONNULL = YES;
				CLANG_ANALYZER_NUMBER_OBJECT_CONVERSION = YES_AGGRESSIVE;
				CLANG_CXX_LANGUAGE_STANDARD = "gnu++14";
				CLANG_CXX_LIBRARY = "libc++";
				CLANG_ENABLE_MODULES = YES;
				CLANG_ENABLE_OBJC_ARC = YES;
				CLANG_ENABLE_OBJC_WEAK = YES;
				CLANG_WARN_BLOCK_CAPTURE_AUTORELEASING = YES;
				CLANG_WARN_BOOL_CONVERSION = YES;
				CLANG_WARN_COMMA = YES;
				CLANG_WARN_CONSTANT_CONVERSION = YES;
				CLANG_WARN_DEPRECATED_OBJC_IMPLEMENTATIONS = YES;
				CLANG_WARN_DIRECT_OBJC_ISA_USAGE = YES_ERROR;
				CLANG_WARN_DOCUMENTATION_COMMENTS = YES;
				CLANG_WARN_EMPTY_BODY = YES;
				CLANG_WARN_ENUM_CONVERSION = YES;
				CLANG_WARN_INFINITE_RECURSION = YES;
				CLANG_WARN_INT_CONVERSION = YES;
				CLANG_WARN_NON_LITERAL_NULL_CONVERSION = YES;
				CLANG_WARN_OBJC_IMPLICIT_RETAIN_SELF = YES;
				CLANG_WARN_OBJC_LITERAL_CONVERSION = YES;
				CLANG_WARN_OBJC_ROOT_CLASS = YES_ERROR;
				CLANG_WARN_RANGE_LOOP_ANALYSIS = YES;
				CLANG_WARN_STRICT_PROTOTYPES = YES;
				CLANG_WARN_SUSPICIOUS_MOVE = YES;
				CLANG_WARN_UNGUARDED_AVAILABILITY = YES_AGGRESSIVE;
				CLANG_WARN_UNREACHABLE_CODE = YES;
				CLANG_WARN__DUPLICATE_METHOD_MATCH = YES;
				COPY_PHASE_STRIP = NO;
				DEBUG_INFORMATION_FORMAT = dwarf;
				ENABLE_STRICT_OBJC_MSGSEND = YES;
				ENABLE_TESTABILITY = YES;
				GCC_C_LANGUAGE_STANDARD = gnu11;
				GCC_DYNAMIC_NO_PIC = NO;
				GCC_NO_COMMON_BLOCKS = YES;
				GCC_OPTIMIZATION_LEVEL = 0;
				GCC_PREPROCESSOR_DEFINITIONS = (
					"DEBUG=1",
					"$(inherited)",
				);
				GCC_WARN_64_TO_32_BIT_CONVERSION = YES;
				GCC_WARN_ABOUT_RETURN_TYPE = YES_ERROR;
				GCC_WARN_UNDECLARED_SELECTOR = YES;
				GCC_WARN_UNINITIALIZED_AUTOS = YES_AGGRESSIVE;
				GCC_WARN_UNUSED_FUNCTION = YES;
				GCC_WARN_UNUSED_VARIABLE = YES;
				IPHONEOS_DEPLOYMENT_TARGET = 13.2;
				MTL_ENABLE_DEBUG_INFO = INCLUDE_SOURCE;
				MTL_FAST_MATH = YES;
				ONLY_ACTIVE_ARCH = YES;
				SDKROOT = iphoneos;
				SWIFT_ACTIVE_COMPILATION_CONDITIONS = DEBUG;
				SWIFT_OPTIMIZATION_LEVEL = "-Onone";
			};
			name = Debug;
		};
		FADE914C23E20B9E00F62807 /* Release */ = {
			isa = XCBuildConfiguration;
			buildSettings = {
				ALWAYS_SEARCH_USER_PATHS = NO;
				CLANG_ANALYZER_NONNULL = YES;
				CLANG_ANALYZER_NUMBER_OBJECT_CONVERSION = YES_AGGRESSIVE;
				CLANG_CXX_LANGUAGE_STANDARD = "gnu++14";
				CLANG_CXX_LIBRARY = "libc++";
				CLANG_ENABLE_MODULES = YES;
				CLANG_ENABLE_OBJC_ARC = YES;
				CLANG_ENABLE_OBJC_WEAK = YES;
				CLANG_WARN_BLOCK_CAPTURE_AUTORELEASING = YES;
				CLANG_WARN_BOOL_CONVERSION = YES;
				CLANG_WARN_COMMA = YES;
				CLANG_WARN_CONSTANT_CONVERSION = YES;
				CLANG_WARN_DEPRECATED_OBJC_IMPLEMENTATIONS = YES;
				CLANG_WARN_DIRECT_OBJC_ISA_USAGE = YES_ERROR;
				CLANG_WARN_DOCUMENTATION_COMMENTS = YES;
				CLANG_WARN_EMPTY_BODY = YES;
				CLANG_WARN_ENUM_CONVERSION = YES;
				CLANG_WARN_INFINITE_RECURSION = YES;
				CLANG_WARN_INT_CONVERSION = YES;
				CLANG_WARN_NON_LITERAL_NULL_CONVERSION = YES;
				CLANG_WARN_OBJC_IMPLICIT_RETAIN_SELF = YES;
				CLANG_WARN_OBJC_LITERAL_CONVERSION = YES;
				CLANG_WARN_OBJC_ROOT_CLASS = YES_ERROR;
				CLANG_WARN_RANGE_LOOP_ANALYSIS = YES;
				CLANG_WARN_STRICT_PROTOTYPES = YES;
				CLANG_WARN_SUSPICIOUS_MOVE = YES;
				CLANG_WARN_UNGUARDED_AVAILABILITY = YES_AGGRESSIVE;
				CLANG_WARN_UNREACHABLE_CODE = YES;
				CLANG_WARN__DUPLICATE_METHOD_MATCH = YES;
				COPY_PHASE_STRIP = NO;
				DEBUG_INFORMATION_FORMAT = "dwarf-with-dsym";
				ENABLE_NS_ASSERTIONS = NO;
				ENABLE_STRICT_OBJC_MSGSEND = YES;
				GCC_C_LANGUAGE_STANDARD = gnu11;
				GCC_NO_COMMON_BLOCKS = YES;
				GCC_WARN_64_TO_32_BIT_CONVERSION = YES;
				GCC_WARN_ABOUT_RETURN_TYPE = YES_ERROR;
				GCC_WARN_UNDECLARED_SELECTOR = YES;
				GCC_WARN_UNINITIALIZED_AUTOS = YES_AGGRESSIVE;
				GCC_WARN_UNUSED_FUNCTION = YES;
				GCC_WARN_UNUSED_VARIABLE = YES;
				IPHONEOS_DEPLOYMENT_TARGET = 13.2;
				MTL_ENABLE_DEBUG_INFO = NO;
				MTL_FAST_MATH = YES;
				SDKROOT = iphoneos;
				SWIFT_COMPILATION_MODE = wholemodule;
				SWIFT_OPTIMIZATION_LEVEL = "-O";
				VALIDATE_PRODUCT = YES;
			};
			name = Release;
		};
		FADE914E23E20B9E00F62807 /* Debug */ = {
			isa = XCBuildConfiguration;
			buildSettings = {
				ASSETCATALOG_COMPILER_APPICON_NAME = AppIcon;
				CODE_SIGN_STYLE = Automatic;
				DEVELOPMENT_TEAM = 399VB8A3N2;
				INFOPLIST_FILE = "HomeWork 2.1.1/Info.plist";
				IPHONEOS_DEPLOYMENT_TARGET = 13.0;
				LD_RUNPATH_SEARCH_PATHS = (
					"$(inherited)",
					"@executable_path/Frameworks",
				);
				PRODUCT_BUNDLE_IDENTIFIER = "ua.AAdev.HomeWork-2-1-1";
				PRODUCT_NAME = "$(TARGET_NAME)";
				SWIFT_VERSION = 5.0;
				TARGETED_DEVICE_FAMILY = 1;
			};
			name = Debug;
		};
		FADE914F23E20B9E00F62807 /* Release */ = {
			isa = XCBuildConfiguration;
			buildSettings = {
				ASSETCATALOG_COMPILER_APPICON_NAME = AppIcon;
				CODE_SIGN_STYLE = Automatic;
				DEVELOPMENT_TEAM = 399VB8A3N2;
				INFOPLIST_FILE = "HomeWork 2.1.1/Info.plist";
				IPHONEOS_DEPLOYMENT_TARGET = 13.0;
				LD_RUNPATH_SEARCH_PATHS = (
					"$(inherited)",
					"@executable_path/Frameworks",
				);
				PRODUCT_BUNDLE_IDENTIFIER = "ua.AAdev.HomeWork-2-1-1";
				PRODUCT_NAME = "$(TARGET_NAME)";
				SWIFT_VERSION = 5.0;
				TARGETED_DEVICE_FAMILY = 1;
			};
			name = Release;
		};
/* End XCBuildConfiguration section */

/* Begin XCConfigurationList section */
		FADE913423E20B9B00F62807 /* Build configuration list for PBXProject "HomeWork 2.1.1" */ = {
			isa = XCConfigurationList;
			buildConfigurations = (
				FADE914B23E20B9E00F62807 /* Debug */,
				FADE914C23E20B9E00F62807 /* Release */,
			);
			defaultConfigurationIsVisible = 0;
			defaultConfigurationName = Release;
		};
		FADE914D23E20B9E00F62807 /* Build configuration list for PBXNativeTarget "HomeWork 2.1.1" */ = {
			isa = XCConfigurationList;
			buildConfigurations = (
				FADE914E23E20B9E00F62807 /* Debug */,
				FADE914F23E20B9E00F62807 /* Release */,
			);
			defaultConfigurationIsVisible = 0;
			defaultConfigurationName = Release;
		};
/* End XCConfigurationList section */
	};
	rootObject = FADE913123E20B9B00F62807 /* Project object */;
}
